
Microsoft Visual Studio Solution File, Format Version 12.00
# Visual Studio Version 16
VisualStudioVersion = 16.0.32002.261
MinimumVisualStudioVersion = 10.0.40219.1
Project("{FAE04EC0-301F-11D3-BF4B-00C04F79EFBC}") = "SKCASE5", "SKCASE5.csproj", "{E0BB46A5-08FA-4512-B595-F2935AC29FBD}"
EndProject
Global
	GlobalSection(SolutionConfigurationPlatforms) = preSolution
		Debug|Any CPU = Debug|Any CPU
		Release|Any CPU = Release|Any CPU
	EndGlobalSection
	GlobalSection(ProjectConfigurationPlatforms) = postSolution
		{E0BB46A5-08FA-4512-B595-F2935AC29FBD}.Debug|Any CPU.ActiveCfg = Debug|Any CPU
		{E0BB46A5-08FA-4512-B595-F2935AC29FBD}.Debug|Any CPU.Build.0 = Debug|Any CPU
		{E0BB46A5-08FA-4512-B595-F2935AC29FBD}.Release|Any CPU.ActiveCfg = Release|Any CPU
		{E0BB46A5-08FA-4512-B595-F2935AC29FBD}.Release|Any CPU.Build.0 = Release|Any CPU
	EndGlobalSection
	GlobalSection(SolutionProperties) = preSolution
		HideSolutionNode = FALSE
	EndGlobalSection
	GlobalSection(ExtensibilityGlobals) = postSolution
		SolutionGuid = {D54DF056-9D4D-4A1F-BC73-AB76F2123ED1}
	EndGlobalSection
EndGlobal
